// !$*UTF8*$!
{
	archiveVersion = 1;
	classes = {
	};
	objectVersion = 50;
	objects = {

/* Begin PBXFileReference section */
		226863E024A34D090026F132 /* CMakeLists.txt */ = {isa = PBXFileReference; lastKnownFileType = text; name = CMakeLists.txt; path = ../../pkmap_new/CMakeLists.txt; sourceTree = "<group>"; };
		226863E124A34D090026F132 /* trackmap_postprocessing */ = {isa = PBXFileReference; lastKnownFileType = folder; name = trackmap_postprocessing; path = ../../pkmap_new/trackmap_postprocessing; sourceTree = "<group>"; };
		226863E224A34D090026F132 /* mapping_online */ = {isa = PBXFileReference; lastKnownFileType = folder; name = mapping_online; path = ../../pkmap_new/mapping_online; sourceTree = "<group>"; };
		226863E324A34D090026F132 /* favorite_slot */ = {isa = PBXFileReference; lastKnownFileType = folder; name = favorite_slot; path = ../../pkmap_new/favorite_slot; sourceTree = "<group>"; };
		226863E424A34D090026F132 /* sim.cpp */ = {isa = PBXFileReference; lastKnownFileType = sourcecode.cpp.cpp; name = sim.cpp; path = ../../pkmap_new/sim.cpp; sourceTree = "<group>"; };
		226863E524A34D090026F132 /* enhanced_parking_map */ = {isa = PBXFileReference; lastKnownFileType = folder; name = enhanced_parking_map; path = ../../pkmap_new/enhanced_parking_map; sourceTree = "<group>"; };
		226863E624A34D090026F132 /* study_venue */ = {isa = PBXFileReference; lastKnownFileType = folder; name = study_venue; path = ../../pkmap_new/study_venue; sourceTree = "<group>"; };
		226863E724A34D090026F132 /* reference_frame_transform */ = {isa = PBXFileReference; lastKnownFileType = folder; name = reference_frame_transform; path = ../../pkmap_new/reference_frame_transform; sourceTree = "<group>"; };
		226863E824A34D090026F132 /* map_manager */ = {isa = PBXFileReference; lastKnownFileType = folder; name = map_manager; path = ../../pkmap_new/map_manager; sourceTree = "<group>"; };
		226863E924A34D090026F132 /* pull.sh */ = {isa = PBXFileReference; lastKnownFileType = text.script.sh; name = pull.sh; path = ../../pkmap_new/pull.sh; sourceTree = "<group>"; };
		226863EA24A34D090026F132 /* map_postprocessing */ = {isa = PBXFileReference; lastKnownFileType = folder; name = map_postprocessing; path = ../../pkmap_new/map_postprocessing; sourceTree = "<group>"; };
		226863EB24A34D090026F132 /* map_fusion */ = {isa = PBXFileReference; lastKnownFileType = folder; name = map_fusion; path = ../../pkmap_new/map_fusion; sourceTree = "<group>"; };
		226863EC24A34D090026F132 /* state_manager */ = {isa = PBXFileReference; lastKnownFileType = folder; name = state_manager; path = ../../pkmap_new/state_manager; sourceTree = "<group>"; };
		226863ED24A34D090026F132 /* localization */ = {isa = PBXFileReference; lastKnownFileType = folder; name = localization; path = ../../pkmap_new/localization; sourceTree = "<group>"; };
		226863EE24A34D090026F132 /* map_matching */ = {isa = PBXFileReference; lastKnownFileType = folder; name = map_matching; path = ../../pkmap_new/map_matching; sourceTree = "<group>"; };
		226863EF24A34D090026F132 /* common */ = {isa = PBXFileReference; lastKnownFileType = folder; name = common; path = ../../pkmap_new/common; sourceTree = "<group>"; };
/* End PBXFileReference section */

/* Begin PBXGroup section */
		22DEE444249C8F7500FF2FD8 = {
			isa = PBXGroup;
			children = (
				226863E024A34D090026F132 /* CMakeLists.txt */,
				226863EF24A34D090026F132 /* common */,
				226863E524A34D090026F132 /* enhanced_parking_map */,
				226863E324A34D090026F132 /* favorite_slot */,
				226863ED24A34D090026F132 /* localization */,
				226863EB24A34D090026F132 /* map_fusion */,
				226863E824A34D090026F132 /* map_manager */,
				226863EE24A34D090026F132 /* map_matching */,
				226863EA24A34D090026F132 /* map_postprocessing */,
				226863E224A34D090026F132 /* mapping_online */,
				226863E924A34D090026F132 /* pull.sh */,
				226863E724A34D090026F132 /* reference_frame_transform */,
				226863E424A34D090026F132 /* sim.cpp */,
				226863EC24A34D090026F132 /* state_manager */,
				226863E624A34D090026F132 /* study_venue */,
				226863E124A34D090026F132 /* trackmap_postprocessing */,
			);
			sourceTree = "<group>";
		};
/* End PBXGroup section */

/* Begin PBXProject section */
		22DEE445249C8F7500FF2FD8 /* Project object */ = {
			isa = PBXProject;
			attributes = {
				LastUpgradeCheck = 1120;
			};
			buildConfigurationList = 22DEE448249C8F7500FF2FD8 /* Build configuration list for PBXProject "pk_loc" */;
			compatibilityVersion = "Xcode 9.3";
			developmentRegion = en;
			hasScannedForEncodings = 0;
			knownRegions = (
				en,
				Base,
			);
			mainGroup = 22DEE444249C8F7500FF2FD8;
			projectDirPath = "";
			projectRoot = "";
			targets = (
			);
		};
/* End PBXProject section */

/* Begin XCBuildConfiguration section */
		22DEE449249C8F7500FF2FD8 /* Debug */ = {
			isa = XCBuildConfiguration;
			buildSettings = {
			};
			name = Debug;
		};
		22DEE44A249C8F7500FF2FD8 /* Release */ = {
			isa = XCBuildConfiguration;
			buildSettings = {
			};
			name = Release;
		};
/* End XCBuildConfiguration section */

/* Begin XCConfigurationList section */
		22DEE448249C8F7500FF2FD8 /* Build configuration list for PBXProject "pk_loc" */ = {
			isa = XCConfigurationList;
			buildConfigurations = (
				22DEE449249C8F7500FF2FD8 /* Debug */,
				22DEE44A249C8F7500FF2FD8 /* Release */,
			);
			defaultConfigurationIsVisible = 0;
			defaultConfigurationName = Release;
		};
/* End XCConfigurationList section */
	};
	rootObject = 22DEE445249C8F7500FF2FD8 /* Project object */;
}
